# This file is automatically @generated by Cargo.
# It is not intended for manual editing.
version = 3

[[package]]
name = "avatarmud-client"
version = "0.1.0"
dependencies = [
 "nonblock",
 "telnet",
 "termios",
]

[[package]]
name = "libc"
version = "0.2.126"
source = "registry+https://github.com/rust-lang/crates.io-index"
checksum = "349d5a591cd28b49e1d1037471617a32ddcda5731b99419008085f72d5a53836"

[[package]]
name = "nonblock"
version = "0.1.0"
source = "registry+https://github.com/rust-lang/crates.io-index"
checksum = "796141c8358fc4ce8cbe66b71b57c52eb510ee13289695e43db6843d6f202173"
dependencies = [
 "libc",
]

[[package]]
name = "telnet"
version = "0.2.1"
source = "registry+https://github.com/rust-lang/crates.io-index"
checksum = "99f2cc260bea5219955ab4832c9600a41b87101d280939edae6dd10b3c68a4f3"

[[package]]
name = "termios"
version = "0.3.3"
source = "registry+https://github.com/rust-lang/crates.io-index"
checksum = "411c5bf740737c7918b8b1fe232dca4dc9f8e754b8ad5e20966814001ed0ac6b"
dependencies = [
 "libc",
]
